
Microsoft Visual Studio Solution File, Format Version 12.00
# Visual Studio Version 17
VisualStudioVersion = 17.1.32228.430
MinimumVisualStudioVersion = 10.0.40219.1
Project("{FAE04EC0-301F-11D3-BF4B-00C04F79EFBC}") = "MazeLib", "MazeLib\MazeLib.csproj", "{F22761B2-08B5-4FD1-846F-C05A8DA5DDA3}"
EndProject
Project("{FAE04EC0-301F-11D3-BF4B-00C04F79EFBC}") = "MazeGame1", "MazeGame1\MazeGame1.csproj", "{078D05E4-BA68-4FBF-BFAD-F0278E95D158}"
EndProject
Project("{FAE04EC0-301F-11D3-BF4B-00C04F79EFBC}") = "MazeAbstractFactory", "MazeAbstractFactory\MazeAbstractFactory.csproj", "{29FA1033-11B6-4FD0-AF02-4BA7A2BECC55}"
EndProject
Project("{FAE04EC0-301F-11D3-BF4B-00C04F79EFBC}") = "MazeBuilderLib", "MazeBuilderLib\MazeBuilderLib.csproj", "{506F94AA-81D6-4FDA-B7F3-7FC7CA8582A1}"
EndProject
Project("{FAE04EC0-301F-11D3-BF4B-00C04F79EFBC}") = "MazeFactory", "MazeGame2\MazeFactory.csproj", "{8FB60AA7-4712-4540-A795-31FB2F8C94D6}"
EndProject
Global
	GlobalSection(SolutionConfigurationPlatforms) = preSolution
		Debug|Any CPU = Debug|Any CPU
		Release|Any CPU = Release|Any CPU
	EndGlobalSection
	GlobalSection(ProjectConfigurationPlatforms) = postSolution
		{F22761B2-08B5-4FD1-846F-C05A8DA5DDA3}.Debug|Any CPU.ActiveCfg = Debug|Any CPU
		{F22761B2-08B5-4FD1-846F-C05A8DA5DDA3}.Debug|Any CPU.Build.0 = Debug|Any CPU
		{F22761B2-08B5-4FD1-846F-C05A8DA5DDA3}.Release|Any CPU.ActiveCfg = Release|Any CPU
		{F22761B2-08B5-4FD1-846F-C05A8DA5DDA3}.Release|Any CPU.Build.0 = Release|Any CPU
		{078D05E4-BA68-4FBF-BFAD-F0278E95D158}.Debug|Any CPU.ActiveCfg = Debug|Any CPU
		{078D05E4-BA68-4FBF-BFAD-F0278E95D158}.Debug|Any CPU.Build.0 = Debug|Any CPU
		{078D05E4-BA68-4FBF-BFAD-F0278E95D158}.Release|Any CPU.ActiveCfg = Release|Any CPU
		{078D05E4-BA68-4FBF-BFAD-F0278E95D158}.Release|Any CPU.Build.0 = Release|Any CPU
		{29FA1033-11B6-4FD0-AF02-4BA7A2BECC55}.Debug|Any CPU.ActiveCfg = Debug|Any CPU
		{29FA1033-11B6-4FD0-AF02-4BA7A2BECC55}.Debug|Any CPU.Build.0 = Debug|Any CPU
		{29FA1033-11B6-4FD0-AF02-4BA7A2BECC55}.Release|Any CPU.ActiveCfg = Release|Any CPU
		{29FA1033-11B6-4FD0-AF02-4BA7A2BECC55}.Release|Any CPU.Build.0 = Release|Any CPU
		{506F94AA-81D6-4FDA-B7F3-7FC7CA8582A1}.Debug|Any CPU.ActiveCfg = Debug|Any CPU
		{506F94AA-81D6-4FDA-B7F3-7FC7CA8582A1}.Debug|Any CPU.Build.0 = Debug|Any CPU
		{506F94AA-81D6-4FDA-B7F3-7FC7CA8582A1}.Release|Any CPU.ActiveCfg = Release|Any CPU
		{506F94AA-81D6-4FDA-B7F3-7FC7CA8582A1}.Release|Any CPU.Build.0 = Release|Any CPU
		{8FB60AA7-4712-4540-A795-31FB2F8C94D6}.Debug|Any CPU.ActiveCfg = Debug|Any CPU
		{8FB60AA7-4712-4540-A795-31FB2F8C94D6}.Debug|Any CPU.Build.0 = Debug|Any CPU
		{8FB60AA7-4712-4540-A795-31FB2F8C94D6}.Release|Any CPU.ActiveCfg = Release|Any CPU
		{8FB60AA7-4712-4540-A795-31FB2F8C94D6}.Release|Any CPU.Build.0 = Release|Any CPU
	EndGlobalSection
	GlobalSection(SolutionProperties) = preSolution
		HideSolutionNode = FALSE
	EndGlobalSection
	GlobalSection(ExtensibilityGlobals) = postSolution
		SolutionGuid = {C2484B34-B484-4A7C-83FC-3AF82B83CBF3}
	EndGlobalSection
EndGlobal
